
Microsoft Visual Studio Solution File, Format Version 11.00
# Visual Studio 2010
Project("{6989167D-11E4-40FE-8C1A-2192A86A7E90}") = "Satellite", "Satellite\Satellite.vfproj", "{20D23F46-9ADA-4911-ACFC-3D9F7B5EE398}"
EndProject
Global
	GlobalSection(SolutionConfigurationPlatforms) = preSolution
		Debug|Win32 = Debug|Win32
		Release|Win32 = Release|Win32
	EndGlobalSection
	GlobalSection(ProjectConfigurationPlatforms) = postSolution
		{20D23F46-9ADA-4911-ACFC-3D9F7B5EE398}.Debug|Win32.ActiveCfg = Debug|Win32
		{20D23F46-9ADA-4911-ACFC-3D9F7B5EE398}.Debug|Win32.Build.0 = Debug|Win32
		{20D23F46-9ADA-4911-ACFC-3D9F7B5EE398}.Release|Win32.ActiveCfg = Release|Win32
		{20D23F46-9ADA-4911-ACFC-3D9F7B5EE398}.Release|Win32.Build.0 = Release|Win32
	EndGlobalSection
	GlobalSection(SolutionProperties) = preSolution
		HideSolutionNode = FALSE
	EndGlobalSection
EndGlobal
