
Microsoft Visual Studio Solution File, Format Version 11.00
# Visual Studio 2010
Project("{6989167D-11E4-40FE-8C1A-2192A86A7E90}") = "Satellite Program", "Satellite Program\Satellite Program.vfproj", "{F56AF2E4-1BAA-4D3A-B021-C94D9BE81216}"
EndProject
Global
	GlobalSection(SolutionConfigurationPlatforms) = preSolution
		Debug|Win32 = Debug|Win32
		Release|Win32 = Release|Win32
	EndGlobalSection
	GlobalSection(ProjectConfigurationPlatforms) = postSolution
		{F56AF2E4-1BAA-4D3A-B021-C94D9BE81216}.Debug|Win32.ActiveCfg = Debug|Win32
		{F56AF2E4-1BAA-4D3A-B021-C94D9BE81216}.Debug|Win32.Build.0 = Debug|Win32
		{F56AF2E4-1BAA-4D3A-B021-C94D9BE81216}.Release|Win32.ActiveCfg = Release|Win32
		{F56AF2E4-1BAA-4D3A-B021-C94D9BE81216}.Release|Win32.Build.0 = Release|Win32
	EndGlobalSection
	GlobalSection(SolutionProperties) = preSolution
		HideSolutionNode = FALSE
	EndGlobalSection
EndGlobal
