
Microsoft Visual Studio Solution File, Format Version 11.00
# Visual Studio 2010
Project("{6989167D-11E4-40FE-8C1A-2192A86A7E90}") = "Console3", "Console3\Console3.vfproj", "{74F72D0C-ACF2-4704-81D7-5E9FC2B2F7BE}"
EndProject
Global
	GlobalSection(SolutionConfigurationPlatforms) = preSolution
		Debug|Win32 = Debug|Win32
		Release|Win32 = Release|Win32
	EndGlobalSection
	GlobalSection(ProjectConfigurationPlatforms) = postSolution
		{74F72D0C-ACF2-4704-81D7-5E9FC2B2F7BE}.Debug|Win32.ActiveCfg = Debug|Win32
		{74F72D0C-ACF2-4704-81D7-5E9FC2B2F7BE}.Debug|Win32.Build.0 = Debug|Win32
		{74F72D0C-ACF2-4704-81D7-5E9FC2B2F7BE}.Release|Win32.ActiveCfg = Release|Win32
		{74F72D0C-ACF2-4704-81D7-5E9FC2B2F7BE}.Release|Win32.Build.0 = Release|Win32
	EndGlobalSection
	GlobalSection(SolutionProperties) = preSolution
		HideSolutionNode = FALSE
	EndGlobalSection
EndGlobal
