
Microsoft Visual Studio Solution File, Format Version 11.00
# Visual Studio 2010
Project("{6989167D-11E4-40FE-8C1A-2192A86A7E90}") = "Mean and Standard Deviation", "Mean and Standard Deviation\Mean and Standard Deviation.vfproj", "{9388C997-926E-40A8-9628-BCFF96BC1883}"
EndProject
Global
	GlobalSection(SolutionConfigurationPlatforms) = preSolution
		Debug|Win32 = Debug|Win32
		Release|Win32 = Release|Win32
	EndGlobalSection
	GlobalSection(ProjectConfigurationPlatforms) = postSolution
		{9388C997-926E-40A8-9628-BCFF96BC1883}.Debug|Win32.ActiveCfg = Debug|Win32
		{9388C997-926E-40A8-9628-BCFF96BC1883}.Debug|Win32.Build.0 = Debug|Win32
		{9388C997-926E-40A8-9628-BCFF96BC1883}.Release|Win32.ActiveCfg = Release|Win32
		{9388C997-926E-40A8-9628-BCFF96BC1883}.Release|Win32.Build.0 = Release|Win32
	EndGlobalSection
	GlobalSection(SolutionProperties) = preSolution
		HideSolutionNode = FALSE
	EndGlobalSection
EndGlobal
